// !$*UTF8*$!
{
	archiveVersion = 1;
	classes = {
	};
	objectVersion = 51;
	objects = {

/* Begin PBXBuildFile section */
		227370E824829A8C00FC6434 /* JoinTableHeaderView.xib in Resources */ = {isa = PBXBuildFile; fileRef = 227370E724829A8C00FC6434 /* JoinTableHeaderView.xib */; };
		227370EC2482CA6B00FC6434 /* JoinTableHeaderView.swift in Sources */ = {isa = PBXBuildFile; fileRef = 227370EB2482CA6B00FC6434 /* JoinTableHeaderView.swift */; };
		227370EE24836BAD00FC6434 /* BluetoothDeviceDiscovery.swift in Sources */ = {isa = PBXBuildFile; fileRef = 227370ED24836BAD00FC6434 /* BluetoothDeviceDiscovery.swift */; };
		22A78D902480C72E00CFA136 /* JoinViewController.swift in Sources */ = {isa = PBXBuildFile; fileRef = 22A78D8E2480C72E00CFA136 /* JoinViewController.swift */; };
		22A78D942480E44B00CFA136 /* TextFieldTableViewCell.swift in Sources */ = {isa = PBXBuildFile; fileRef = 22A78D922480E44B00CFA136 /* TextFieldTableViewCell.swift */; };
		22A78D952480E44B00CFA136 /* TextFieldTableViewCell.xib in Resources */ = {isa = PBXBuildFile; fileRef = 22A78D932480E44B00CFA136 /* TextFieldTableViewCell.xib */; };
		22A78D972480F6B800CFA136 /* DeviceTableViewCell.swift in Sources */ = {isa = PBXBuildFile; fileRef = 22A78D962480F6B800CFA136 /* DeviceTableViewCell.swift */; };
		22D875612472CFCD00A2FD4C /* BluetoothCentralManager.swift in Sources */ = {isa = PBXBuildFile; fileRef = 22D875602472CFCD00A2FD4C /* BluetoothCentralManager.swift */; };
		22D875662472D4BA00A2FD4C /* BluetoothConstants.swift in Sources */ = {isa = PBXBuildFile; fileRef = 22D875652472D4BA00A2FD4C /* BluetoothConstants.swift */; };
		22D875682472E1D500A2FD4C /* BluetoothPeripheralManager.swift in Sources */ = {isa = PBXBuildFile; fileRef = 22D875672472E1D500A2FD4C /* BluetoothPeripheralManager.swift */; };
		22EF8587246D1F38003E1D8D /* AppDelegate.swift in Sources */ = {isa = PBXBuildFile; fileRef = 22EF8586246D1F38003E1D8D /* AppDelegate.swift */; };
		22EF8589246D1F38003E1D8D /* SceneDelegate.swift in Sources */ = {isa = PBXBuildFile; fileRef = 22EF8588246D1F38003E1D8D /* SceneDelegate.swift */; };
		22EF8590246D1F39003E1D8D /* Assets.xcassets in Resources */ = {isa = PBXBuildFile; fileRef = 22EF858F246D1F39003E1D8D /* Assets.xcassets */; };
		22EF8593246D1F39003E1D8D /* LaunchScreen.storyboard in Resources */ = {isa = PBXBuildFile; fileRef = 22EF8591246D1F39003E1D8D /* LaunchScreen.storyboard */; };
		95BA814BDB7782C723C3C9D1 /* libPods-BluetoothChat.a in Frameworks */ = {isa = PBXBuildFile; fileRef = 9458C6F3AE65E4EC1A9D19BB /* libPods-BluetoothChat.a */; };
/* End PBXBuildFile section */

/* Begin PBXFileReference section */
		227370E724829A8C00FC6434 /* JoinTableHeaderView.xib */ = {isa = PBXFileReference; lastKnownFileType = file.xib; path = JoinTableHeaderView.xib; sourceTree = "<group>"; };
		227370EB2482CA6B00FC6434 /* JoinTableHeaderView.swift */ = {isa = PBXFileReference; lastKnownFileType = sourcecode.swift; path = JoinTableHeaderView.swift; sourceTree = "<group>"; };
		227370ED24836BAD00FC6434 /* BluetoothDeviceDiscovery.swift */ = {isa = PBXFileReference; lastKnownFileType = sourcecode.swift; path = BluetoothDeviceDiscovery.swift; sourceTree = "<group>"; };
		22A78D8E2480C72E00CFA136 /* JoinViewController.swift */ = {isa = PBXFileReference; lastKnownFileType = sourcecode.swift; path = JoinViewController.swift; sourceTree = "<group>"; };
		22A78D922480E44B00CFA136 /* TextFieldTableViewCell.swift */ = {isa = PBXFileReference; lastKnownFileType = sourcecode.swift; path = TextFieldTableViewCell.swift; sourceTree = "<group>"; };
		22A78D932480E44B00CFA136 /* TextFieldTableViewCell.xib */ = {isa = PBXFileReference; lastKnownFileType = file.xib; path = TextFieldTableViewCell.xib; sourceTree = "<group>"; };
		22A78D962480F6B800CFA136 /* DeviceTableViewCell.swift */ = {isa = PBXFileReference; lastKnownFileType = sourcecode.swift; path = DeviceTableViewCell.swift; sourceTree = "<group>"; };
		22D875602472CFCD00A2FD4C /* BluetoothCentralManager.swift */ = {isa = PBXFileReference; lastKnownFileType = sourcecode.swift; path = BluetoothCentralManager.swift; sourceTree = "<group>"; };
		22D875652472D4BA00A2FD4C /* BluetoothConstants.swift */ = {isa = PBXFileReference; lastKnownFileType = sourcecode.swift; path = BluetoothConstants.swift; sourceTree = "<group>"; };
		22D875672472E1D500A2FD4C /* BluetoothPeripheralManager.swift */ = {isa = PBXFileReference; lastKnownFileType = sourcecode.swift; path = BluetoothPeripheralManager.swift; sourceTree = "<group>"; };
		22EF8583246D1F38003E1D8D /* BluetoothChat.app */ = {isa = PBXFileReference; explicitFileType = wrapper.application; includeInIndex = 0; path = BluetoothChat.app; sourceTree = BUILT_PRODUCTS_DIR; };
		22EF8586246D1F38003E1D8D /* AppDelegate.swift */ = {isa = PBXFileReference; lastKnownFileType = sourcecode.swift; path = AppDelegate.swift; sourceTree = "<group>"; };
		22EF8588246D1F38003E1D8D /* SceneDelegate.swift */ = {isa = PBXFileReference; lastKnownFileType = sourcecode.swift; path = SceneDelegate.swift; sourceTree = "<group>"; };
		22EF858F246D1F39003E1D8D /* Assets.xcassets */ = {isa = PBXFileReference; lastKnownFileType = folder.assetcatalog; path = Assets.xcassets; sourceTree = "<group>"; };
		22EF8592246D1F39003E1D8D /* Base */ = {isa = PBXFileReference; lastKnownFileType = file.storyboard; name = Base; path = Base.lproj/LaunchScreen.storyboard; sourceTree = "<group>"; };
		22EF8594246D1F39003E1D8D /* Info.plist */ = {isa = PBXFileReference; lastKnownFileType = text.plist; name = Info.plist; path = ../Resources/Info.plist; sourceTree = "<group>"; };
		371A64039425ECD7E35DBB5D /* Pods-BluetoothChat.debug.xcconfig */ = {isa = PBXFileReference; includeInIndex = 1; lastKnownFileType = text.xcconfig; name = "Pods-BluetoothChat.debug.xcconfig"; path = "Target Support Files/Pods-BluetoothChat/Pods-BluetoothChat.debug.xcconfig"; sourceTree = "<group>"; };
		9458C6F3AE65E4EC1A9D19BB /* libPods-BluetoothChat.a */ = {isa = PBXFileReference; explicitFileType = archive.ar; includeInIndex = 0; path = "libPods-BluetoothChat.a"; sourceTree = BUILT_PRODUCTS_DIR; };
		B7C2B71553C038D7B99043E6 /* Pods-BluetoothChat.release.xcconfig */ = {isa = PBXFileReference; includeInIndex = 1; lastKnownFileType = text.xcconfig; name = "Pods-BluetoothChat.release.xcconfig"; path = "Target Support Files/Pods-BluetoothChat/Pods-BluetoothChat.release.xcconfig"; sourceTree = "<group>"; };
/* End PBXFileReference section */

/* Begin PBXFrameworksBuildPhase section */
		22EF8580246D1F38003E1D8D /* Frameworks */ = {
			isa = PBXFrameworksBuildPhase;
			buildActionMask = 2147483647;
			files = (
				95BA814BDB7782C723C3C9D1 /* libPods-BluetoothChat.a in Frameworks */,
			);
			runOnlyForDeploymentPostprocessing = 0;
		};
/* End PBXFrameworksBuildPhase section */

/* Begin PBXGroup section */
		227370E92482C83C00FC6434 /* Cells */ = {
			isa = PBXGroup;
			children = (
				22A78D962480F6B800CFA136 /* DeviceTableViewCell.swift */,
				22A78D922480E44B00CFA136 /* TextFieldTableViewCell.swift */,
				22A78D932480E44B00CFA136 /* TextFieldTableViewCell.xib */,
			);
			path = Cells;
			sourceTree = "<group>";
		};
		227370EA2482C84600FC6434 /* Accessories */ = {
			isa = PBXGroup;
			children = (
				227370E724829A8C00FC6434 /* JoinTableHeaderView.xib */,
				227370EB2482CA6B00FC6434 /* JoinTableHeaderView.swift */,
			);
			path = Accessories;
			sourceTree = "<group>";
		};
		22A78D882480C51E00CFA136 /* Scenes */ = {
			isa = PBXGroup;
			children = (
				22A78D892480C66900CFA136 /* Join */,
			);
			path = Scenes;
			sourceTree = "<group>";
		};
		22A78D892480C66900CFA136 /* Join */ = {
			isa = PBXGroup;
			children = (
				22A78D8E2480C72E00CFA136 /* JoinViewController.swift */,
				227370EA2482C84600FC6434 /* Accessories */,
				227370E92482C83C00FC6434 /* Cells */,
			);
			path = Join;
			sourceTree = "<group>";
		};
		22D8755F2472CFAD00A2FD4C /* Services */ = {
			isa = PBXGroup;
			children = (
				227370ED24836BAD00FC6434 /* BluetoothDeviceDiscovery.swift */,
				22D875602472CFCD00A2FD4C /* BluetoothCentralManager.swift */,
				22D875672472E1D500A2FD4C /* BluetoothPeripheralManager.swift */,
			);
			path = Services;
			sourceTree = "<group>";
		};
		22D875642472D49B00A2FD4C /* Constants */ = {
			isa = PBXGroup;
			children = (
				22D875652472D4BA00A2FD4C /* BluetoothConstants.swift */,
			);
			path = Constants;
			sourceTree = "<group>";
		};
		22EF857A246D1F38003E1D8D = {
			isa = PBXGroup;
			children = (
				22EF8585246D1F38003E1D8D /* BluetoothChat */,
				22EF8584246D1F38003E1D8D /* Products */,
				A7CD6AAADDF3FEC7792AC271 /* Pods */,
				EDC988DD2E266C5DDD31A9D1 /* Frameworks */,
			);
			sourceTree = "<group>";
		};
		22EF8584246D1F38003E1D8D /* Products */ = {
			isa = PBXGroup;
			children = (
				22EF8583246D1F38003E1D8D /* BluetoothChat.app */,
			);
			name = Products;
			sourceTree = "<group>";
		};
		22EF8585246D1F38003E1D8D /* BluetoothChat */ = {
			isa = PBXGroup;
			children = (
				22EF8586246D1F38003E1D8D /* AppDelegate.swift */,
				22EF8588246D1F38003E1D8D /* SceneDelegate.swift */,
				22D875642472D49B00A2FD4C /* Constants */,
				22EF859B246D218F003E1D8D /* Resources */,
				22A78D882480C51E00CFA136 /* Scenes */,
				22D8755F2472CFAD00A2FD4C /* Services */,
				22EF859C246D21A5003E1D8D /* Supporting */,
			);
			path = BluetoothChat;
			sourceTree = "<group>";
		};
		22EF859B246D218F003E1D8D /* Resources */ = {
			isa = PBXGroup;
			children = (
				22EF858F246D1F39003E1D8D /* Assets.xcassets */,
				22EF8591246D1F39003E1D8D /* LaunchScreen.storyboard */,
			);
			path = Resources;
			sourceTree = "<group>";
		};
		22EF859C246D21A5003E1D8D /* Supporting */ = {
			isa = PBXGroup;
			children = (
				22EF8594246D1F39003E1D8D /* Info.plist */,
			);
			path = Supporting;
			sourceTree = "<group>";
		};
		A7CD6AAADDF3FEC7792AC271 /* Pods */ = {
			isa = PBXGroup;
			children = (
				371A64039425ECD7E35DBB5D /* Pods-BluetoothChat.debug.xcconfig */,
				B7C2B71553C038D7B99043E6 /* Pods-BluetoothChat.release.xcconfig */,
			);
			path = Pods;
			sourceTree = "<group>";
		};
		EDC988DD2E266C5DDD31A9D1 /* Frameworks */ = {
			isa = PBXGroup;
			children = (
				9458C6F3AE65E4EC1A9D19BB /* libPods-BluetoothChat.a */,
			);
			name = Frameworks;
			sourceTree = "<group>";
		};
/* End PBXGroup section */

/* Begin PBXNativeTarget section */
		22EF8582246D1F38003E1D8D /* BluetoothChat */ = {
			isa = PBXNativeTarget;
			buildConfigurationList = 22EF8597246D1F39003E1D8D /* Build configuration list for PBXNativeTarget "BluetoothChat" */;
			buildPhases = (
				0F025BE8CE0DD508BBDA13AE /* [CP] Check Pods Manifest.lock */,
				22EF859D246D29AF003E1D8D /* Run SwiftLint */,
				22EF857F246D1F38003E1D8D /* Sources */,
				22EF8580246D1F38003E1D8D /* Frameworks */,
				22EF8581246D1F38003E1D8D /* Resources */,
				5F78EF15DFC6702084785C0A /* [CP] Copy Pods Resources */,
			);
			buildRules = (
			);
			dependencies = (
			);
			name = BluetoothChat;
			productName = BluetoothChat;
			productReference = 22EF8583246D1F38003E1D8D /* BluetoothChat.app */;
			productType = "com.apple.product-type.application";
		};
/* End PBXNativeTarget section */

/* Begin PBXProject section */
		22EF857B246D1F38003E1D8D /* Project object */ = {
			isa = PBXProject;
			attributes = {
				LastSwiftUpdateCheck = 1140;
				LastUpgradeCheck = 1140;
				ORGANIZATIONNAME = "DittoLive Incorporated";
				TargetAttributes = {
					22EF8582246D1F38003E1D8D = {
						CreatedOnToolsVersion = 11.4;
					};
				};
			};
			buildConfigurationList = 22EF857E246D1F38003E1D8D /* Build configuration list for PBXProject "BluetoothChat" */;
			compatibilityVersion = "Xcode 9.3";
			developmentRegion = en;
			hasScannedForEncodings = 0;
			knownRegions = (
				en,
				Base,
			);
			mainGroup = 22EF857A246D1F38003E1D8D;
			productRefGroup = 22EF8584246D1F38003E1D8D /* Products */;
			projectDirPath = "";
			projectRoot = "";
			targets = (
				22EF8582246D1F38003E1D8D /* BluetoothChat */,
			);
		};
/* End PBXProject section */

/* Begin PBXResourcesBuildPhase section */
		22EF8581246D1F38003E1D8D /* Resources */ = {
			isa = PBXResourcesBuildPhase;
			buildActionMask = 2147483647;
			files = (
				227370E824829A8C00FC6434 /* JoinTableHeaderView.xib in Resources */,
				22EF8593246D1F39003E1D8D /* LaunchScreen.storyboard in Resources */,
				22A78D952480E44B00CFA136 /* TextFieldTableViewCell.xib in Resources */,
				22EF8590246D1F39003E1D8D /* Assets.xcassets in Resources */,
			);
			runOnlyForDeploymentPostprocessing = 0;
		};
/* End PBXResourcesBuildPhase section */

/* Begin PBXShellScriptBuildPhase section */
		0F025BE8CE0DD508BBDA13AE /* [CP] Check Pods Manifest.lock */ = {
			isa = PBXShellScriptBuildPhase;
			buildActionMask = 2147483647;
			files = (
			);
			inputFileListPaths = (
			);
			inputPaths = (
				"${PODS_PODFILE_DIR_PATH}/Podfile.lock",
				"${PODS_ROOT}/Manifest.lock",
			);
			name = "[CP] Check Pods Manifest.lock";
			outputFileListPaths = (
			);
			outputPaths = (
				"$(DERIVED_FILE_DIR)/Pods-BluetoothChat-checkManifestLockResult.txt",
			);
			runOnlyForDeploymentPostprocessing = 0;
			shellPath = /bin/sh;
			shellScript = "diff \"${PODS_PODFILE_DIR_PATH}/Podfile.lock\" \"${PODS_ROOT}/Manifest.lock\" > /dev/null\nif [ $? != 0 ] ; then\n    # print error to STDERR\n    echo \"error: The sandbox is not in sync with the Podfile.lock. Run 'pod install' or update your CocoaPods installation.\" >&2\n    exit 1\nfi\n# This output is used by Xcode 'outputs' to avoid re-running this script phase.\necho \"SUCCESS\" > \"${SCRIPT_OUTPUT_FILE_0}\"\n";
			showEnvVarsInLog = 0;
		};
		22EF859D246D29AF003E1D8D /* Run SwiftLint */ = {
			isa = PBXShellScriptBuildPhase;
			buildActionMask = 2147483647;
			files = (
			);
			inputFileListPaths = (
			);
			inputPaths = (
			);
			name = "Run SwiftLint";
			outputFileListPaths = (
			);
			outputPaths = (
			);
			runOnlyForDeploymentPostprocessing = 0;
			shellPath = /bin/sh;
			shellScript = "\"${PODS_ROOT}/SwiftLint/swiftlint\"\n";
		};
		5F78EF15DFC6702084785C0A /* [CP] Copy Pods Resources */ = {
			isa = PBXShellScriptBuildPhase;
			buildActionMask = 2147483647;
			files = (
			);
			inputFileListPaths = (
				"${PODS_ROOT}/Target Support Files/Pods-BluetoothChat/Pods-BluetoothChat-resources-${CONFIGURATION}-input-files.xcfilelist",
			);
			name = "[CP] Copy Pods Resources";
			outputFileListPaths = (
				"${PODS_ROOT}/Target Support Files/Pods-BluetoothChat/Pods-BluetoothChat-resources-${CONFIGURATION}-output-files.xcfilelist",
			);
			runOnlyForDeploymentPostprocessing = 0;
			shellPath = /bin/sh;
			shellScript = "\"${PODS_ROOT}/Target Support Files/Pods-BluetoothChat/Pods-BluetoothChat-resources.sh\"\n";
			showEnvVarsInLog = 0;
		};
/* End PBXShellScriptBuildPhase section */

/* Begin PBXSourcesBuildPhase section */
		22EF857F246D1F38003E1D8D /* Sources */ = {
			isa = PBXSourcesBuildPhase;
			buildActionMask = 2147483647;
			files = (
				22EF8587246D1F38003E1D8D /* AppDelegate.swift in Sources */,
				227370EE24836BAD00FC6434 /* BluetoothDeviceDiscovery.swift in Sources */,
				22A78D902480C72E00CFA136 /* JoinViewController.swift in Sources */,
				22D875612472CFCD00A2FD4C /* BluetoothCentralManager.swift in Sources */,
				22EF8589246D1F38003E1D8D /* SceneDelegate.swift in Sources */,
				227370EC2482CA6B00FC6434 /* JoinTableHeaderView.swift in Sources */,
				22A78D972480F6B800CFA136 /* DeviceTableViewCell.swift in Sources */,
				22D875662472D4BA00A2FD4C /* BluetoothConstants.swift in Sources */,
				22A78D942480E44B00CFA136 /* TextFieldTableViewCell.swift in Sources */,
				22D875682472E1D500A2FD4C /* BluetoothPeripheralManager.swift in Sources */,
			);
			runOnlyForDeploymentPostprocessing = 0;
		};
/* End PBXSourcesBuildPhase section */

/* Begin PBXVariantGroup section */
		22EF8591246D1F39003E1D8D /* LaunchScreen.storyboard */ = {
			isa = PBXVariantGroup;
			children = (
				22EF8592246D1F39003E1D8D /* Base */,
			);
			name = LaunchScreen.storyboard;
			sourceTree = "<group>";
		};
/* End PBXVariantGroup section */

/* Begin XCBuildConfiguration section */
		22EF8595246D1F39003E1D8D /* Debug */ = {
			isa = XCBuildConfiguration;
			buildSettings = {
				ALWAYS_SEARCH_USER_PATHS = NO;
				CLANG_ANALYZER_NONNULL = YES;
				CLANG_ANALYZER_NUMBER_OBJECT_CONVERSION = YES_AGGRESSIVE;
				CLANG_CXX_LANGUAGE_STANDARD = "gnu++14";
				CLANG_CXX_LIBRARY = "libc++";
				CLANG_ENABLE_MODULES = YES;
				CLANG_ENABLE_OBJC_ARC = YES;
				CLANG_ENABLE_OBJC_WEAK = YES;
				CLANG_WARN_BLOCK_CAPTURE_AUTORELEASING = YES;
				CLANG_WARN_BOOL_CONVERSION = YES;
				CLANG_WARN_COMMA = YES;
				CLANG_WARN_CONSTANT_CONVERSION = YES;
				CLANG_WARN_DEPRECATED_OBJC_IMPLEMENTATIONS = YES;
				CLANG_WARN_DIRECT_OBJC_ISA_USAGE = YES_ERROR;
				CLANG_WARN_DOCUMENTATION_COMMENTS = YES;
				CLANG_WARN_EMPTY_BODY = YES;
				CLANG_WARN_ENUM_CONVERSION = YES;
				CLANG_WARN_INFINITE_RECURSION = YES;
				CLANG_WARN_INT_CONVERSION = YES;
				CLANG_WARN_NON_LITERAL_NULL_CONVERSION = YES;
				CLANG_WARN_OBJC_IMPLICIT_RETAIN_SELF = YES;
				CLANG_WARN_OBJC_LITERAL_CONVERSION = YES;
				CLANG_WARN_OBJC_ROOT_CLASS = YES_ERROR;
				CLANG_WARN_RANGE_LOOP_ANALYSIS = YES;
				CLANG_WARN_STRICT_PROTOTYPES = YES;
				CLANG_WARN_SUSPICIOUS_MOVE = YES;
				CLANG_WARN_UNGUARDED_AVAILABILITY = YES_AGGRESSIVE;
				CLANG_WARN_UNREACHABLE_CODE = YES;
				CLANG_WARN__DUPLICATE_METHOD_MATCH = YES;
				COPY_PHASE_STRIP = NO;
				DEBUG_INFORMATION_FORMAT = dwarf;
				ENABLE_STRICT_OBJC_MSGSEND = YES;
				ENABLE_TESTABILITY = YES;
				GCC_C_LANGUAGE_STANDARD = gnu11;
				GCC_DYNAMIC_NO_PIC = NO;
				GCC_NO_COMMON_BLOCKS = YES;
				GCC_OPTIMIZATION_LEVEL = 0;
				GCC_PREPROCESSOR_DEFINITIONS = (
					"DEBUG=1",
					"$(inherited)",
				);
				GCC_WARN_64_TO_32_BIT_CONVERSION = YES;
				GCC_WARN_ABOUT_RETURN_TYPE = YES_ERROR;
				GCC_WARN_UNDECLARED_SELECTOR = YES;
				GCC_WARN_UNINITIALIZED_AUTOS = YES_AGGRESSIVE;
				GCC_WARN_UNUSED_FUNCTION = YES;
				GCC_WARN_UNUSED_VARIABLE = YES;
				IPHONEOS_DEPLOYMENT_TARGET = 13.4;
				MTL_ENABLE_DEBUG_INFO = INCLUDE_SOURCE;
				MTL_FAST_MATH = YES;
				ONLY_ACTIVE_ARCH = YES;
				SDKROOT = iphoneos;
				SWIFT_ACTIVE_COMPILATION_CONDITIONS = DEBUG;
				SWIFT_OPTIMIZATION_LEVEL = "-Onone";
			};
			name = Debug;
		};
		22EF8596246D1F39003E1D8D /* Release */ = {
			isa = XCBuildConfiguration;
			buildSettings = {
				ALWAYS_SEARCH_USER_PATHS = NO;
				CLANG_ANALYZER_NONNULL = YES;
				CLANG_ANALYZER_NUMBER_OBJECT_CONVERSION = YES_AGGRESSIVE;
				CLANG_CXX_LANGUAGE_STANDARD = "gnu++14";
				CLANG_CXX_LIBRARY = "libc++";
				CLANG_ENABLE_MODULES = YES;
				CLANG_ENABLE_OBJC_ARC = YES;
				CLANG_ENABLE_OBJC_WEAK = YES;
				CLANG_WARN_BLOCK_CAPTURE_AUTORELEASING = YES;
				CLANG_WARN_BOOL_CONVERSION = YES;
				CLANG_WARN_COMMA = YES;
				CLANG_WARN_CONSTANT_CONVERSION = YES;
				CLANG_WARN_DEPRECATED_OBJC_IMPLEMENTATIONS = YES;
				CLANG_WARN_DIRECT_OBJC_ISA_USAGE = YES_ERROR;
				CLANG_WARN_DOCUMENTATION_COMMENTS = YES;
				CLANG_WARN_EMPTY_BODY = YES;
				CLANG_WARN_ENUM_CONVERSION = YES;
				CLANG_WARN_INFINITE_RECURSION = YES;
				CLANG_WARN_INT_CONVERSION = YES;
				CLANG_WARN_NON_LITERAL_NULL_CONVERSION = YES;
				CLANG_WARN_OBJC_IMPLICIT_RETAIN_SELF = YES;
				CLANG_WARN_OBJC_LITERAL_CONVERSION = YES;
				CLANG_WARN_OBJC_ROOT_CLASS = YES_ERROR;
				CLANG_WARN_RANGE_LOOP_ANALYSIS = YES;
				CLANG_WARN_STRICT_PROTOTYPES = YES;
				CLANG_WARN_SUSPICIOUS_MOVE = YES;
				CLANG_WARN_UNGUARDED_AVAILABILITY = YES_AGGRESSIVE;
				CLANG_WARN_UNREACHABLE_CODE = YES;
				CLANG_WARN__DUPLICATE_METHOD_MATCH = YES;
				COPY_PHASE_STRIP = NO;
				DEBUG_INFORMATION_FORMAT = "dwarf-with-dsym";
				ENABLE_NS_ASSERTIONS = NO;
				ENABLE_STRICT_OBJC_MSGSEND = YES;
				GCC_C_LANGUAGE_STANDARD = gnu11;
				GCC_NO_COMMON_BLOCKS = YES;
				GCC_WARN_64_TO_32_BIT_CONVERSION = YES;
				GCC_WARN_ABOUT_RETURN_TYPE = YES_ERROR;
				GCC_WARN_UNDECLARED_SELECTOR = YES;
				GCC_WARN_UNINITIALIZED_AUTOS = YES_AGGRESSIVE;
				GCC_WARN_UNUSED_FUNCTION = YES;
				GCC_WARN_UNUSED_VARIABLE = YES;
				IPHONEOS_DEPLOYMENT_TARGET = 13.4;
				MTL_ENABLE_DEBUG_INFO = NO;
				MTL_FAST_MATH = YES;
				SDKROOT = iphoneos;
				SWIFT_COMPILATION_MODE = wholemodule;
				SWIFT_OPTIMIZATION_LEVEL = "-O";
				VALIDATE_PRODUCT = YES;
			};
			name = Release;
		};
		22EF8598246D1F39003E1D8D /* Debug */ = {
			isa = XCBuildConfiguration;
			baseConfigurationReference = 371A64039425ECD7E35DBB5D /* Pods-BluetoothChat.debug.xcconfig */;
			buildSettings = {
				ASSETCATALOG_COMPILER_APPICON_NAME = AppIcon;
				CODE_SIGN_STYLE = Automatic;
				DEVELOPMENT_TEAM = 6LF3GMKZAB;
				INFOPLIST_FILE = BluetoothChat/Supporting/Info.plist;
				IPHONEOS_DEPLOYMENT_TARGET = 13.0;
				LD_RUNPATH_SEARCH_PATHS = (
					"$(inherited)",
					"@executable_path/Frameworks",
				);
				PRODUCT_BUNDLE_IDENTIFIER = live.ditto.bluetoothchat;
				PRODUCT_NAME = "$(TARGET_NAME)";
				SWIFT_VERSION = 5.0;
				TARGETED_DEVICE_FAMILY = "1,2";
			};
			name = Debug;
		};
		22EF8599246D1F39003E1D8D /* Release */ = {
			isa = XCBuildConfiguration;
			baseConfigurationReference = B7C2B71553C038D7B99043E6 /* Pods-BluetoothChat.release.xcconfig */;
			buildSettings = {
				ASSETCATALOG_COMPILER_APPICON_NAME = AppIcon;
				CODE_SIGN_STYLE = Automatic;
				DEVELOPMENT_TEAM = 6LF3GMKZAB;
				INFOPLIST_FILE = BluetoothChat/Supporting/Info.plist;
				IPHONEOS_DEPLOYMENT_TARGET = 13.0;
				LD_RUNPATH_SEARCH_PATHS = (
					"$(inherited)",
					"@executable_path/Frameworks",
				);
				PRODUCT_BUNDLE_IDENTIFIER = live.ditto.bluetoothchat;
				PRODUCT_NAME = "$(TARGET_NAME)";
				SWIFT_VERSION = 5.0;
				TARGETED_DEVICE_FAMILY = "1,2";
			};
			name = Release;
		};
/* End XCBuildConfiguration section */

/* Begin XCConfigurationList section */
		22EF857E246D1F38003E1D8D /* Build configuration list for PBXProject "BluetoothChat" */ = {
			isa = XCConfigurationList;
			buildConfigurations = (
				22EF8595246D1F39003E1D8D /* Debug */,
				22EF8596246D1F39003E1D8D /* Release */,
			);
			defaultConfigurationIsVisible = 0;
			defaultConfigurationName = Release;
		};
		22EF8597246D1F39003E1D8D /* Build configuration list for PBXNativeTarget "BluetoothChat" */ = {
			isa = XCConfigurationList;
			buildConfigurations = (
				22EF8598246D1F39003E1D8D /* Debug */,
				22EF8599246D1F39003E1D8D /* Release */,
			);
			defaultConfigurationIsVisible = 0;
			defaultConfigurationName = Release;
		};
/* End XCConfigurationList section */
	};
	rootObject = 22EF857B246D1F38003E1D8D /* Project object */;
}
